
Microsoft Visual Studio Solution File, Format Version 12.00
# Visual Studio Version 16
VisualStudioVersion = 25.0.1705.6
MinimumVisualStudioVersion = 10.0.40219.1
Project("{FAE04EC0-301F-11D3-BF4B-00C04F79EFBC}") = "ex3", "ex3.csproj", "{36DBE03E-6678-4B1B-888E-95E5437B951F}"
EndProject
Global
	GlobalSection(SolutionConfigurationPlatforms) = preSolution
		Debug|Any CPU = Debug|Any CPU
		Release|Any CPU = Release|Any CPU
	EndGlobalSection
	GlobalSection(ProjectConfigurationPlatforms) = postSolution
		{36DBE03E-6678-4B1B-888E-95E5437B951F}.Debug|Any CPU.ActiveCfg = Debug|Any CPU
		{36DBE03E-6678-4B1B-888E-95E5437B951F}.Debug|Any CPU.Build.0 = Debug|Any CPU
		{36DBE03E-6678-4B1B-888E-95E5437B951F}.Release|Any CPU.ActiveCfg = Release|Any CPU
		{36DBE03E-6678-4B1B-888E-95E5437B951F}.Release|Any CPU.Build.0 = Release|Any CPU
	EndGlobalSection
	GlobalSection(SolutionProperties) = preSolution
		HideSolutionNode = FALSE
	EndGlobalSection
	GlobalSection(ExtensibilityGlobals) = postSolution
		SolutionGuid = {1804CDCD-3B57-4743-9D97-548996E36217}
	EndGlobalSection
EndGlobal
